
Microsoft Visual Studio Solution File, Format Version 12.00
# Visual Studio Version 17
VisualStudioVersion = 17.4.33122.133
MinimumVisualStudioVersion = 10.0.40219.1
Project("{FAE04EC0-301F-11D3-BF4B-00C04F79EFBC}") = "WebBE", "WebBE\WebBE.csproj", "{BE697B22-F768-4B98-8CFB-D40758B822BE}"
EndProject
Project("{FAE04EC0-301F-11D3-BF4B-00C04F79EFBC}") = "WebFE", "WebFE\WebFE.csproj", "{C002E648-3CF3-4715-9D92-7E1B8FEAECA9}"
EndProject
Project("{E53339B2-1760-4266-BCC7-CA923CBCF16C}") = "docker-compose", "docker-compose.dcproj", "{3E31B6FC-B863-4B31-8D24-E447DEA0FB2B}"
EndProject
Global
	GlobalSection(SolutionConfigurationPlatforms) = preSolution
		Debug|Any CPU = Debug|Any CPU
		Release|Any CPU = Release|Any CPU
	EndGlobalSection
	GlobalSection(ProjectConfigurationPlatforms) = postSolution
		{BE697B22-F768-4B98-8CFB-D40758B822BE}.Debug|Any CPU.ActiveCfg = Debug|Any CPU
		{BE697B22-F768-4B98-8CFB-D40758B822BE}.Debug|Any CPU.Build.0 = Debug|Any CPU
		{BE697B22-F768-4B98-8CFB-D40758B822BE}.Release|Any CPU.ActiveCfg = Release|Any CPU
		{BE697B22-F768-4B98-8CFB-D40758B822BE}.Release|Any CPU.Build.0 = Release|Any CPU
		{C002E648-3CF3-4715-9D92-7E1B8FEAECA9}.Debug|Any CPU.ActiveCfg = Debug|Any CPU
		{C002E648-3CF3-4715-9D92-7E1B8FEAECA9}.Debug|Any CPU.Build.0 = Debug|Any CPU
		{C002E648-3CF3-4715-9D92-7E1B8FEAECA9}.Release|Any CPU.ActiveCfg = Release|Any CPU
		{C002E648-3CF3-4715-9D92-7E1B8FEAECA9}.Release|Any CPU.Build.0 = Release|Any CPU
		{3E31B6FC-B863-4B31-8D24-E447DEA0FB2B}.Debug|Any CPU.ActiveCfg = Debug|Any CPU
		{3E31B6FC-B863-4B31-8D24-E447DEA0FB2B}.Debug|Any CPU.Build.0 = Debug|Any CPU
		{3E31B6FC-B863-4B31-8D24-E447DEA0FB2B}.Release|Any CPU.ActiveCfg = Release|Any CPU
		{3E31B6FC-B863-4B31-8D24-E447DEA0FB2B}.Release|Any CPU.Build.0 = Release|Any CPU
	EndGlobalSection
	GlobalSection(SolutionProperties) = preSolution
		HideSolutionNode = FALSE
	EndGlobalSection
	GlobalSection(ExtensibilityGlobals) = postSolution
		SolutionGuid = {2DD1E4F3-7C0E-4842-B532-B03D29FA5D75}
	EndGlobalSection
EndGlobal
